
Microsoft Visual Studio Solution File, Format Version 12.00
# Visual Studio Version 16
VisualStudioVersion = 16.0.30204.135
MinimumVisualStudioVersion = 10.0.40219.1
Project("{9A19103F-16F7-4668-BE54-9A1E7A4F7556}") = "MoneyChanger", "MoneyChanger.csproj", "{EBB8DCCC-7A75-49C3-BA33-36CCF65C14DB}"
EndProject
Global
	GlobalSection(SolutionConfigurationPlatforms) = preSolution
		Debug|Any CPU = Debug|Any CPU
		Release|Any CPU = Release|Any CPU
	EndGlobalSection
	GlobalSection(ProjectConfigurationPlatforms) = postSolution
		{EBB8DCCC-7A75-49C3-BA33-36CCF65C14DB}.Debug|Any CPU.ActiveCfg = Debug|Any CPU
		{EBB8DCCC-7A75-49C3-BA33-36CCF65C14DB}.Debug|Any CPU.Build.0 = Debug|Any CPU
		{EBB8DCCC-7A75-49C3-BA33-36CCF65C14DB}.Release|Any CPU.ActiveCfg = Release|Any CPU
		{EBB8DCCC-7A75-49C3-BA33-36CCF65C14DB}.Release|Any CPU.Build.0 = Release|Any CPU
	EndGlobalSection
	GlobalSection(SolutionProperties) = preSolution
		HideSolutionNode = FALSE
	EndGlobalSection
	GlobalSection(ExtensibilityGlobals) = postSolution
		SolutionGuid = {BC3E0DEC-EA9A-4DA0-99B8-41F4CED71F25}
	EndGlobalSection
EndGlobal
